{
  "requires": true,
  "lockfileVersion": 1,
  "dependencies": {
    "builtin": {
      "version": "0.0.0",
      "resolved": "https://registry.npmjs.org/builtin/-/builtin-0.0.0.tgz",
      "integrity": "sha1-wExUNAVj4uLCziq0Hjz3TxcoFUE="
    },
    "builtin-modules": {
      "version": "2.0.0",
      "resolved": "https://registry.npmjs.org/builtin-modules/-/builtin-modules-2.0.0.tgz",
      "integrity": "sha512-3U5kUA5VPsRUA3nofm/BXX7GVHKfxz0hOBAPxXrIvHzlDRkQVqEn6yi8QJegxl4LzOHLdvb7XF5dVawa/VVYBg=="
    }
  }
}
